
Microsoft Visual Studio Solution File, Format Version 12.00
Project("{FAE04EC0-301F-11D3-BF4B-00C04F79EFBC}") = "ReadersWritersProblem", "ReadersWritersProblem\ReadersWritersProblem.csproj", "{D1065C7F-8D7E-4FD7-9BE0-EE705A93EE33}"
EndProject
Global
	GlobalSection(SolutionConfigurationPlatforms) = preSolution
		Debug|Any CPU = Debug|Any CPU
		Release|Any CPU = Release|Any CPU
	EndGlobalSection
	GlobalSection(ProjectConfigurationPlatforms) = postSolution
		{D1065C7F-8D7E-4FD7-9BE0-EE705A93EE33}.Debug|Any CPU.ActiveCfg = Debug|Any CPU
		{D1065C7F-8D7E-4FD7-9BE0-EE705A93EE33}.Debug|Any CPU.Build.0 = Debug|Any CPU
		{D1065C7F-8D7E-4FD7-9BE0-EE705A93EE33}.Release|Any CPU.ActiveCfg = Release|Any CPU
		{D1065C7F-8D7E-4FD7-9BE0-EE705A93EE33}.Release|Any CPU.Build.0 = Release|Any CPU
	EndGlobalSection
EndGlobal
